
Microsoft Visual Studio Solution File, Format Version 12.00
# Visual Studio 2015
Project("{FAE04EC0-301F-11D3-BF4B-00C04F79EFBC}") = "PracticeGame1.CSharp.Plugins", "PracticeGame1.CSharp.Plugins.csproj", "{923AC92D-C254-85A0-5B62-DB12029ABEC7}"
EndProject
Project("{FAE04EC0-301F-11D3-BF4B-00C04F79EFBC}") = "PracticeGame1.CSharp", "PracticeGame1.CSharp.csproj", "{8DEB3231-7FD6-0A27-6FE3-83FBCA2D15F0}"
EndProject
Project("{FAE04EC0-301F-11D3-BF4B-00C04F79EFBC}") = "PracticeGame1.CSharp.Editor", "PracticeGame1.CSharp.Editor.csproj", "{CBB8F253-81F4-98DE-6D4A-99D6F0CC70A0}"
EndProject
Global
	GlobalSection(SolutionConfigurationPlatforms) = preSolution
		Debug|Any CPU = Debug|Any CPU
		Release|Any CPU = Release|Any CPU
	EndGlobalSection
	GlobalSection(ProjectConfigurationPlatforms) = postSolution
		{923AC92D-C254-85A0-5B62-DB12029ABEC7}.Debug|Any CPU.ActiveCfg = Debug|Any CPU
		{923AC92D-C254-85A0-5B62-DB12029ABEC7}.Debug|Any CPU.Build.0 = Debug|Any CPU
		{923AC92D-C254-85A0-5B62-DB12029ABEC7}.Release|Any CPU.ActiveCfg = Release|Any CPU
		{923AC92D-C254-85A0-5B62-DB12029ABEC7}.Release|Any CPU.Build.0 = Release|Any CPU
		{8DEB3231-7FD6-0A27-6FE3-83FBCA2D15F0}.Debug|Any CPU.ActiveCfg = Debug|Any CPU
		{8DEB3231-7FD6-0A27-6FE3-83FBCA2D15F0}.Debug|Any CPU.Build.0 = Debug|Any CPU
		{8DEB3231-7FD6-0A27-6FE3-83FBCA2D15F0}.Release|Any CPU.ActiveCfg = Release|Any CPU
		{8DEB3231-7FD6-0A27-6FE3-83FBCA2D15F0}.Release|Any CPU.Build.0 = Release|Any CPU
		{CBB8F253-81F4-98DE-6D4A-99D6F0CC70A0}.Debug|Any CPU.ActiveCfg = Debug|Any CPU
		{CBB8F253-81F4-98DE-6D4A-99D6F0CC70A0}.Debug|Any CPU.Build.0 = Debug|Any CPU
		{CBB8F253-81F4-98DE-6D4A-99D6F0CC70A0}.Release|Any CPU.ActiveCfg = Release|Any CPU
		{CBB8F253-81F4-98DE-6D4A-99D6F0CC70A0}.Release|Any CPU.Build.0 = Release|Any CPU
	EndGlobalSection
	GlobalSection(SolutionProperties) = preSolution
		HideSolutionNode = FALSE
	EndGlobalSection
EndGlobal
